# generated by rye
# use `rye lock` or `rye sync` to update this lockfile
#
# last locked with the following flags:
#   pre: false
#   features: []
#   all-features: false

-e file:.
appdirs==1.4.4
git-versioner==6.0
numpy==1.24.3
pillow==9.5.0
pyoxidizer==0.24.0
pyserial==3.5
six==1.16.0
tomli==2.0.1
wxasync==0.49
wxpython==4.2.1
